{
  "name": "ram-notes",
  "version": "0.0.1",
  "lockfileVersion": 1,
  "requires": true,
  "dependencies": {
    "@kwvanderlinde/markdown-it-wikilinks": {
      "version": "1.0.2",
      "resolved": "https://registry.npmjs.org/@kwvanderlinde/markdown-it-wikilinks/-/markdown-it-wikilinks-1.0.2.tgz",
      "integrity": "sha512-IHXtM4RSaJAPgcFxwzfg+4VL7Cs3G73ocjioj+kc5NWqYeYPuWS394X2D86p/BBAfH4+VYvVD5PvvFvEtVCW7A==",
      "requires": {
        "extend": "^3.0.0",
        "markdown-it-regexp": "^0.4.0",
        "sanitize-filename": "^1.6.1"
      }
    },
    "@thi.ng/api": {
      "version": "6.10.4",
      "resolved": "https://registry.npmjs.org/@thi.ng/api/-/api-6.10.4.tgz",
      "integrity": "sha512-FeTpKvRb+QzzjV291Sfe5UMu+y02iHURaZEJKhLizTv3+gATMaqtuQq5mZ+h6KqfmBnY8afRdrQzNngPYOudTQ==",
      "requires": {
        "tslib": "^1.11.1"
      }
    },
    "@thi.ng/arrays": {
      "version": "0.6.6",
      "resolved": "https://registry.npmjs.org/@thi.ng/arrays/-/arrays-0.6.6.tgz",
      "integrity": "sha512-EwXKIF5uQj6mqqT4WDkj4jjicCFw+9Gfj7UjiaSm+A1ZEuFuV46XQKGdtMKCIxw5kjjfHUQgOPvgE45ZqcqUhw==",
      "requires": {
        "@thi.ng/api": "^6.10.4",
        "@thi.ng/checks": "^2.6.5",
        "@thi.ng/compare": "^1.3.5",
        "@thi.ng/equiv": "^1.0.22",
        "@thi.ng/errors": "^1.2.13",
        "@thi.ng/random": "^1.4.8",
        "tslib": "^1.11.1"
      }
    },
    "@thi.ng/binary": {
      "version": "2.0.6",
      "resolved": "https://registry.npmjs.org/@thi.ng/binary/-/binary-2.0.6.tgz",
      "integrity": "sha512-rduhpDduyN3z9p2+0gGrj53BpvVFxkV5UotdNb1CxMcWlnWa9loNeGaUUyTwha6jtPh3PIhTbxOHZXyJ4E2d7Q==",
      "requires": {
        "tslib": "^1.11.1"
      }
    },
    "@thi.ng/checks": {
      "version": "2.6.5",
      "resolved": "https://registry.npmjs.org/@thi.ng/checks/-/checks-2.6.5.tgz",
      "integrity": "sha512-nSEzvLN4uhVYHdV7aViK2dPYs37+SIpbXFiANA/bM+2MAcXm/qGr8DiDv9Ir+NBrRhrfwsrJMFuB7DAH8XrKwA==",
      "requires": {
        "tslib": "^1.11.1"
      }
    },
    "@thi.ng/compare": {
      "version": "1.3.5",
      "resolved": "https://registry.npmjs.org/@thi.ng/compare/-/compare-1.3.5.tgz",
      "integrity": "sha512-AklWlaet51fCNoEeyS2aCjfCx6w1xRx41SBAELG005ax79naK0MWZ7ArMCT0J6fvLm4ME9RqWP7I1RNehnHJ3w==",
      "requires": {
        "@thi.ng/api": "^6.10.4",
        "tslib": "^1.11.1"
      }
    },
    "@thi.ng/compose": {
      "version": "1.4.6",
      "resolved": "https://registry.npmjs.org/@thi.ng/compose/-/compose-1.4.6.tgz",
      "integrity": "sha512-yoFaFq80MsEPG+a6A+2wbUYNqKKurOi121zR1/oS3DyYiiL8plbOfNO7yvdb6aVosxSKTdHRjqGfXr0NBJ84Gw==",
      "requires": {
        "@thi.ng/api": "^6.10.4",
        "@thi.ng/errors": "^1.2.13",
        "tslib": "^1.11.1"
      }
    },
    "@thi.ng/defmulti": {
      "version": "1.2.14",
      "resolved": "https://registry.npmjs.org/@thi.ng/defmulti/-/defmulti-1.2.14.tgz",
      "integrity": "sha512-2iiH86kUjEoi/fhB1THBKABE+MVsDlVOenC97tvTVeAAuKntXiUEGJFPeliuyq8snIZRFXHquBcOYRM95SGM+w==",
      "requires": {
        "@thi.ng/api": "^6.10.4",
        "@thi.ng/errors": "^1.2.13",
        "tslib": "^1.11.1"
      }
    },
    "@thi.ng/diff": {
      "version": "3.2.19",
      "resolved": "https://registry.npmjs.org/@thi.ng/diff/-/diff-3.2.19.tgz",
      "integrity": "sha512-WSsT/d6yUCDn/KJ8UthxmPW2ZiYe5UwQeWZogi6xjbiKVJVW/132oq2ZtHcyMiqsV00JX9qBh8rMVXG6WtXTyA==",
      "requires": {
        "@thi.ng/api": "^6.10.4",
        "@thi.ng/equiv": "^1.0.22",
        "tslib": "^1.11.1"
      }
    },
    "@thi.ng/equiv": {
      "version": "1.0.22",
      "resolved": "https://registry.npmjs.org/@thi.ng/equiv/-/equiv-1.0.22.tgz",
      "integrity": "sha512-IEDEa/ciJwUBEpZNGl5mTyqYdLgOrFplmhVPNm5CJp6mLHRIYmgkEkpqwaTbIQGkvkbSNKb7RjqHnrMkl/ryKA==",
      "requires": {
        "tslib": "^1.11.1"
      }
    },
    "@thi.ng/errors": {
      "version": "1.2.13",
      "resolved": "https://registry.npmjs.org/@thi.ng/errors/-/errors-1.2.13.tgz",
      "integrity": "sha512-r6AcJAss3ZBhsiXCpih7es6/Na01f0rcns45vYD66gDaVDZfNlmrIdAiKOhlAJQl9dlRJDE3JnCN+4a1Cns18A==",
      "requires": {
        "tslib": "^1.11.1"
      }
    },
    "@thi.ng/fsm": {
      "version": "2.4.8",
      "resolved": "https://registry.npmjs.org/@thi.ng/fsm/-/fsm-2.4.8.tgz",
      "integrity": "sha512-eKH9EKbKwRl21O9PJ2fL7sF1f6N6/pE8LW714BFAVQftWzCfrlnO3ag+1WaBs57ExfjyD+w02aalMHeHXS6qrg==",
      "requires": {
        "@thi.ng/api": "^6.10.4",
        "@thi.ng/arrays": "^0.6.6",
        "@thi.ng/equiv": "^1.0.22",
        "@thi.ng/errors": "^1.2.13",
        "@thi.ng/strings": "^1.8.7",
        "@thi.ng/transducers": "^6.4.9",
        "tslib": "^1.11.1"
      }
    },
    "@thi.ng/geom-clip-line": {
      "version": "1.0.14",
      "resolved": "https://registry.npmjs.org/@thi.ng/geom-clip-line/-/geom-clip-line-1.0.14.tgz",
      "integrity": "sha512-zxDP6AlcRuzLd7YxvSFLx8KF/3uPdHn17DxK0z4cZx0O8H8frLbiHcegLUr6P4YBaXznA+kc8/0RqzyNh5dFRA==",
      "requires": {
        "@thi.ng/vectors": "^4.3.4",
        "tslib": "^1.11.1"
      }
    },
    "@thi.ng/hdom": {
      "version": "8.0.23",
      "resolved": "https://registry.npmjs.org/@thi.ng/hdom/-/hdom-8.0.23.tgz",
      "integrity": "sha512-kA+/Vc/EuI64olFPwdxvj1b1lsPNrMB79tAVZQh1+Pju1lcfzdj1AaSHH3UvFSMU7n/UBs7q1gE26AlHmUIzoQ==",
      "requires": {
        "@thi.ng/api": "^6.10.4",
        "@thi.ng/checks": "^2.6.5",
        "@thi.ng/diff": "^3.2.19",
        "@thi.ng/equiv": "^1.0.22",
        "@thi.ng/errors": "^1.2.13",
        "@thi.ng/hiccup": "^3.2.21",
        "tslib": "^1.11.1"
      }
    },
    "@thi.ng/hiccup": {
      "version": "3.2.21",
      "resolved": "https://registry.npmjs.org/@thi.ng/hiccup/-/hiccup-3.2.21.tgz",
      "integrity": "sha512-3p85FzmkoZrKHw1QmA8K+0GPL8aRM5cYByz3k26yeS8v3+lE4UyNZKux697KHFfDNIEJgd9UqGNPtgcqfKWtlA==",
      "requires": {
        "@thi.ng/checks": "^2.6.5",
        "@thi.ng/errors": "^1.2.13",
        "tslib": "^1.11.1"
      }
    },
    "@thi.ng/hiccup-markdown": {
      "version": "1.2.10",
      "resolved": "https://registry.npmjs.org/@thi.ng/hiccup-markdown/-/hiccup-markdown-1.2.10.tgz",
      "integrity": "sha512-oYaK7PEyOE+T80nu49X1BkIn+Nhj9+6YPd599HOmaUPExDcPxtbgiFIa0C+Jv54hxCjFNxOzY51fQ3Bx3NLhRg==",
      "requires": {
        "@thi.ng/arrays": "^0.6.6",
        "@thi.ng/checks": "^2.6.5",
        "@thi.ng/defmulti": "^1.2.14",
        "@thi.ng/errors": "^1.2.13",
        "@thi.ng/fsm": "^2.4.8",
        "@thi.ng/hiccup": "^3.2.21",
        "@thi.ng/strings": "^1.8.7",
        "@thi.ng/text-canvas": "^0.2.11",
        "@thi.ng/transducers": "^6.4.9",
        "tslib": "^1.11.1"
      }
    },
    "@thi.ng/math": {
      "version": "1.7.9",
      "resolved": "https://registry.npmjs.org/@thi.ng/math/-/math-1.7.9.tgz",
      "integrity": "sha512-SuadfjLoFXH/3g3HOAxjddeQHU+5U2IOf7Z//rdAxNG22joaNPiJ+2HZZ2A0I66j6NPeGMiHWbDa0wzAPXuZHQ==",
      "requires": {
        "tslib": "^1.11.1"
      }
    },
    "@thi.ng/memoize": {
      "version": "2.0.10",
      "resolved": "https://registry.npmjs.org/@thi.ng/memoize/-/memoize-2.0.10.tgz",
      "integrity": "sha512-G+rIjtDTBzBxbDjPoPUxWhg+QBnodLFKl1Ltvj1L8QIk2Fa1izVVxWVbpxKETAX4eI1OqRBa1+qYhnez4BIE2A==",
      "requires": {
        "@thi.ng/api": "^6.10.4",
        "tslib": "^1.11.1"
      }
    },
    "@thi.ng/random": {
      "version": "1.4.8",
      "resolved": "https://registry.npmjs.org/@thi.ng/random/-/random-1.4.8.tgz",
      "integrity": "sha512-gjrMsHlSIZEXkJu3r3tUff8cAfQlOVpeG3XvYVaT6x9+x7i+JQ087GsON92P1Vz8ucW2t4HB54hhdpyCMo9a6g==",
      "requires": {
        "@thi.ng/api": "^6.10.4",
        "@thi.ng/checks": "^2.6.5",
        "tslib": "^1.11.1"
      }
    },
    "@thi.ng/strings": {
      "version": "1.8.7",
      "resolved": "https://registry.npmjs.org/@thi.ng/strings/-/strings-1.8.7.tgz",
      "integrity": "sha512-JPdkNGw5QOw77PSooiqsNUNfMB9R2u1ITSJRNH3NNXIm1szTq66fEYvdJvjpGci5i+h6g5qTQuesAZ1BpLCdXw==",
      "requires": {
        "@thi.ng/api": "^6.10.4",
        "@thi.ng/errors": "^1.2.13",
        "@thi.ng/memoize": "^2.0.10",
        "tslib": "^1.11.1"
      }
    },
    "@thi.ng/text-canvas": {
      "version": "0.2.11",
      "resolved": "https://registry.npmjs.org/@thi.ng/text-canvas/-/text-canvas-0.2.11.tgz",
      "integrity": "sha512-khq7bg9EjRKLA0GHUKawDRFEjv18WV8CRaVFOlxVTY/jTEYyN3UNn8CO/Lq0VlmBy5CYoA8ou9AMgqfyIPGVDA==",
      "requires": {
        "@thi.ng/api": "^6.10.4",
        "@thi.ng/arrays": "^0.6.6",
        "@thi.ng/geom-clip-line": "^1.0.14",
        "@thi.ng/math": "^1.7.9",
        "@thi.ng/memoize": "^2.0.10",
        "@thi.ng/transducers": "^6.4.9",
        "tslib": "^1.11.1"
      }
    },
    "@thi.ng/transducers": {
      "version": "6.4.9",
      "resolved": "https://registry.npmjs.org/@thi.ng/transducers/-/transducers-6.4.9.tgz",
      "integrity": "sha512-sq3eUhDf5HgVGIdOE4LFI8iSz2aWKAnx7C1aKk/RJd7XmsXA+RxJwXGVKbtZFU/XXC6V0I2NFGyF3UqNmN/A1g==",
      "requires": {
        "@thi.ng/api": "^6.10.4",
        "@thi.ng/arrays": "^0.6.6",
        "@thi.ng/checks": "^2.6.5",
        "@thi.ng/compare": "^1.3.5",
        "@thi.ng/compose": "^1.4.6",
        "@thi.ng/equiv": "^1.0.22",
        "@thi.ng/errors": "^1.2.13",
        "@thi.ng/math": "^1.7.9",
        "@thi.ng/random": "^1.4.8",
        "@thi.ng/strings": "^1.8.7",
        "tslib": "^1.11.1"
      }
    },
    "@thi.ng/vectors": {
      "version": "4.3.4",
      "resolved": "https://registry.npmjs.org/@thi.ng/vectors/-/vectors-4.3.4.tgz",
      "integrity": "sha512-qi50jqK6kqyLy0rr+Qya+RpZBYHYTf9HADH62GcsPt86vBp9jHHDJl+fMS/am8uzxr9db7nD62BqGH/NynURwQ==",
      "requires": {
        "@thi.ng/api": "^6.10.4",
        "@thi.ng/binary": "^2.0.6",
        "@thi.ng/checks": "^2.6.5",
        "@thi.ng/equiv": "^1.0.22",
        "@thi.ng/errors": "^1.2.13",
        "@thi.ng/math": "^1.7.9",
        "@thi.ng/memoize": "^2.0.10",
        "@thi.ng/random": "^1.4.8",
        "@thi.ng/transducers": "^6.4.9",
        "tslib": "^1.11.1"
      }
    },
    "accepts": {
      "version": "1.3.7",
      "resolved": "https://registry.npmjs.org/accepts/-/accepts-1.3.7.tgz",
      "integrity": "sha512-Il80Qs2WjYlJIBNzNkK6KYqlVMTbZLXgHx2oT0pU/fjRHyEp+PEfEPY0R3WCwAGVOtauxh1hOxNgIf5bv7dQpA==",
      "requires": {
        "mime-types": "~2.1.24",
        "negotiator": "0.6.2"
      }
    },
    "after": {
      "version": "0.8.2",
      "resolved": "https://registry.npmjs.org/after/-/after-0.8.2.tgz",
      "integrity": "sha1-/ts5T58OAqqXaOcCvaI7UF+ufh8="
    },
    "anymatch": {
      "version": "3.1.1",
      "resolved": "https://registry.npmjs.org/anymatch/-/anymatch-3.1.1.tgz",
      "integrity": "sha512-mM8522psRCqzV+6LhomX5wgp25YVibjh8Wj23I5RPkPppSVSjyKD2A2mBJmWGa+KN7f2D6LNh9jkBCeyLktzjg==",
      "requires": {
        "normalize-path": "^3.0.0",
        "picomatch": "^2.0.4"
      }
    },
    "argparse": {
      "version": "1.0.10",
      "resolved": "https://registry.npmjs.org/argparse/-/argparse-1.0.10.tgz",
      "integrity": "sha512-o5Roy6tNG4SL/FOkCAN6RzjiakZS25RLYFrcMttJqbdd8BWrnA+fGz57iN5Pb06pvBGvl5gQ0B48dJlslXvoTg==",
      "requires": {
        "sprintf-js": "~1.0.2"
      }
    },
    "arraybuffer.slice": {
      "version": "0.0.7",
      "resolved": "https://registry.npmjs.org/arraybuffer.slice/-/arraybuffer.slice-0.0.7.tgz",
      "integrity": "sha512-wGUIVQXuehL5TCqQun8OW81jGzAWycqzFF8lFp+GOM5BXLYj3bKNsYC4daB7n6XjCqxQA/qgTJ+8ANR3acjrog=="
    },
    "async-limiter": {
      "version": "1.0.1",
      "resolved": "https://registry.npmjs.org/async-limiter/-/async-limiter-1.0.1.tgz",
      "integrity": "sha512-csOlWGAcRFJaI6m+F2WKdnMKr4HhdhFVBk0H/QbJFMCr+uO2kwohwXQPxw/9OCxp05r5ghVBFSyioixx3gfkNQ=="
    },
    "backo2": {
      "version": "1.0.2",
      "resolved": "https://registry.npmjs.org/backo2/-/backo2-1.0.2.tgz",
      "integrity": "sha1-MasayLEpNjRj41s+u2n038+6eUc="
    },
    "balanced-match": {
      "version": "1.0.0",
      "resolved": "https://registry.npmjs.org/balanced-match/-/balanced-match-1.0.0.tgz",
      "integrity": "sha1-ibTRmasr7kneFk6gK4nORi1xt2c="
    },
    "base64-arraybuffer": {
      "version": "0.1.5",
      "resolved": "https://registry.npmjs.org/base64-arraybuffer/-/base64-arraybuffer-0.1.5.tgz",
      "integrity": "sha1-c5JncZI7Whl0etZmqlzUv5xunOg="
    },
    "base64id": {
      "version": "2.0.0",
      "resolved": "https://registry.npmjs.org/base64id/-/base64id-2.0.0.tgz",
      "integrity": "sha512-lGe34o6EHj9y3Kts9R4ZYs/Gr+6N7MCaMlIFA3F1R2O5/m7K06AxfSeO5530PEERE6/WyEg3lsuyw4GHlPZHog=="
    },
    "better-assert": {
      "version": "1.0.2",
      "resolved": "https://registry.npmjs.org/better-assert/-/better-assert-1.0.2.tgz",
      "integrity": "sha1-QIZrnhueC1W0gYlDEeaPr/rrxSI=",
      "requires": {
        "callsite": "1.0.0"
      }
    },
    "binary-extensions": {
      "version": "2.0.0",
      "resolved": "https://registry.npmjs.org/binary-extensions/-/binary-extensions-2.0.0.tgz",
      "integrity": "sha512-Phlt0plgpIIBOGTT/ehfFnbNlfsDEiqmzE2KRXoX1bLIlir4X/MR+zSyBEkL05ffWgnRSf/DXv+WrUAVr93/ow=="
    },
    "blob": {
      "version": "0.0.5",
      "resolved": "https://registry.npmjs.org/blob/-/blob-0.0.5.tgz",
      "integrity": "sha512-gaqbzQPqOoamawKg0LGVd7SzLgXS+JH61oWprSLH+P+abTczqJbhTR8CmJ2u9/bUYNmHTGJx/UEmn6doAvvuig=="
    },
    "brace-expansion": {
      "version": "1.1.11",
      "resolved": "https://registry.npmjs.org/brace-expansion/-/brace-expansion-1.1.11.tgz",
      "integrity": "sha512-iCuPHDFgrHX7H2vEI/5xpz07zSHB00TpugqhmYtVmMO6518mCuRMoOYFldEBl0g187ufozdaHgWKcYFb61qGiA==",
      "requires": {
        "balanced-match": "^1.0.0",
        "concat-map": "0.0.1"
      }
    },
    "braces": {
      "version": "3.0.2",
      "resolved": "https://registry.npmjs.org/braces/-/braces-3.0.2.tgz",
      "integrity": "sha512-b8um+L1RzM3WDSzvhm6gIz1yfTbBt6YTlcEKAvsmqCZZFw46z626lVj9j1yEPW33H5H+lBQpZMP1k8l+78Ha0A==",
      "requires": {
        "fill-range": "^7.0.1"
      }
    },
    "callsite": {
      "version": "1.0.0",
      "resolved": "https://registry.npmjs.org/callsite/-/callsite-1.0.0.tgz",
      "integrity": "sha1-KAOY5dZkvXQDi28JBRU+borxvCA="
    },
    "chokidar": {
      "version": "3.4.0",
      "resolved": "https://registry.npmjs.org/chokidar/-/chokidar-3.4.0.tgz",
      "integrity": "sha512-aXAaho2VJtisB/1fg1+3nlLJqGOuewTzQpd/Tz0yTg2R0e4IGtshYvtjowyEumcBv2z+y4+kc75Mz7j5xJskcQ==",
      "requires": {
        "anymatch": "~3.1.1",
        "braces": "~3.0.2",
        "fsevents": "~2.1.2",
        "glob-parent": "~5.1.0",
        "is-binary-path": "~2.1.0",
        "is-glob": "~4.0.1",
        "normalize-path": "~3.0.0",
        "readdirp": "~3.4.0"
      }
    },
    "component-bind": {
      "version": "1.0.0",
      "resolved": "https://registry.npmjs.org/component-bind/-/component-bind-1.0.0.tgz",
      "integrity": "sha1-AMYIq33Nk4l8AAllGx06jh5zu9E="
    },
    "component-emitter": {
      "version": "1.2.1",
      "resolved": "https://registry.npmjs.org/component-emitter/-/component-emitter-1.2.1.tgz",
      "integrity": "sha1-E3kY1teCg/ffemt8WmPhQOaUJeY="
    },
    "component-inherit": {
      "version": "0.0.3",
      "resolved": "https://registry.npmjs.org/component-inherit/-/component-inherit-0.0.3.tgz",
      "integrity": "sha1-ZF/ErfWLcrZJ1crmUTVhnbJv8UM="
    },
    "concat-map": {
      "version": "0.0.1",
      "resolved": "https://registry.npmjs.org/concat-map/-/concat-map-0.0.1.tgz",
      "integrity": "sha1-2Klr13/Wjfd5OnMDajug1UBdR3s="
    },
    "cookie": {
      "version": "0.3.1",
      "resolved": "https://registry.npmjs.org/cookie/-/cookie-0.3.1.tgz",
      "integrity": "sha1-5+Ch+e9DtMi6klxcWpboBtFoc7s="
    },
    "debug": {
      "version": "4.1.1",
      "resolved": "https://registry.npmjs.org/debug/-/debug-4.1.1.tgz",
      "integrity": "sha512-pYAIzeRo8J6KPEaJ0VWOh5Pzkbw/RetuzehGM7QRRX5he4fPHx2rdKMB256ehJCkX+XRQm16eZLqLNS8RSZXZw==",
      "requires": {
        "ms": "^2.1.1"
      }
    },
    "dom-serializer": {
      "version": "0.2.2",
      "resolved": "https://registry.npmjs.org/dom-serializer/-/dom-serializer-0.2.2.tgz",
      "integrity": "sha512-2/xPb3ORsQ42nHYiSunXkDjPLBaEj/xTwUO4B7XCZQTRk7EBtTOPaygh10YAAh2OI1Qrp6NWfpAhzswj0ydt9g==",
      "requires": {
        "domelementtype": "^2.0.1",
        "entities": "^2.0.0"
      }
    },
    "domelementtype": {
      "version": "2.0.1",
      "resolved": "https://registry.npmjs.org/domelementtype/-/domelementtype-2.0.1.tgz",
      "integrity": "sha512-5HOHUDsYZWV8FGWN0Njbr/Rn7f/eWSQi1v7+HsUVwXgn8nWWlL64zKDkS0n8ZmQ3mlWOMuXOnR+7Nx/5tMO5AQ=="
    },
    "domhandler": {
      "version": "3.0.0",
      "resolved": "https://registry.npmjs.org/domhandler/-/domhandler-3.0.0.tgz",
      "integrity": "sha512-eKLdI5v9m67kbXQbJSNn1zjh0SDzvzWVWtX+qEI3eMjZw8daH9k8rlj1FZY9memPwjiskQFbe7vHVVJIAqoEhw==",
      "requires": {
        "domelementtype": "^2.0.1"
      }
    },
    "domutils": {
      "version": "2.0.0",
      "resolved": "https://registry.npmjs.org/domutils/-/domutils-2.0.0.tgz",
      "integrity": "sha512-n5SelJ1axbO636c2yUtOGia/IcJtVtlhQbFiVDBZHKV5ReJO1ViX7sFEemtuyoAnBxk5meNSYgA8V4s0271efg==",
      "requires": {
        "dom-serializer": "^0.2.1",
        "domelementtype": "^2.0.1",
        "domhandler": "^3.0.0"
      }
    },
    "engine.io": {
      "version": "3.4.1",
      "resolved": "https://registry.npmjs.org/engine.io/-/engine.io-3.4.1.tgz",
      "integrity": "sha512-8MfIfF1/IIfxuc2gv5K+XlFZczw/BpTvqBdl0E2fBLkYQp4miv4LuDTVtYt4yMyaIFLEr4vtaSgV4mjvll8Crw==",
      "requires": {
        "accepts": "~1.3.4",
        "base64id": "2.0.0",
        "cookie": "0.3.1",
        "debug": "~4.1.0",
        "engine.io-parser": "~2.2.0",
        "ws": "^7.1.2"
      }
    },
    "engine.io-client": {
      "version": "3.4.1",
      "resolved": "https://registry.npmjs.org/engine.io-client/-/engine.io-client-3.4.1.tgz",
      "integrity": "sha512-RJNmA+A9Js+8Aoq815xpGAsgWH1VoSYM//2VgIiu9lNOaHFfLpTjH4tOzktBpjIs5lvOfiNY1dwf+NuU6D38Mw==",
      "requires": {
        "component-emitter": "1.2.1",
        "component-inherit": "0.0.3",
        "debug": "~4.1.0",
        "engine.io-parser": "~2.2.0",
        "has-cors": "1.1.0",
        "indexof": "0.0.1",
        "parseqs": "0.0.5",
        "parseuri": "0.0.5",
        "ws": "~6.1.0",
        "xmlhttprequest-ssl": "~1.5.4",
        "yeast": "0.1.2"
      },
      "dependencies": {
        "ws": {
          "version": "6.1.4",
          "resolved": "https://registry.npmjs.org/ws/-/ws-6.1.4.tgz",
          "integrity": "sha512-eqZfL+NE/YQc1/ZynhojeV8q+H050oR8AZ2uIev7RU10svA9ZnJUddHcOUZTJLinZ9yEfdA2kSATS2qZK5fhJA==",
          "requires": {
            "async-limiter": "~1.0.0"
          }
        }
      }
    },
    "engine.io-parser": {
      "version": "2.2.0",
      "resolved": "https://registry.npmjs.org/engine.io-parser/-/engine.io-parser-2.2.0.tgz",
      "integrity": "sha512-6I3qD9iUxotsC5HEMuuGsKA0cXerGz+4uGcXQEkfBidgKf0amsjrrtwcbwK/nzpZBxclXlV7gGl9dgWvu4LF6w==",
      "requires": {
        "after": "0.8.2",
        "arraybuffer.slice": "~0.0.7",
        "base64-arraybuffer": "0.1.5",
        "blob": "0.0.5",
        "has-binary2": "~1.0.2"
      }
    },
    "entities": {
      "version": "2.0.0",
      "resolved": "https://registry.npmjs.org/entities/-/entities-2.0.0.tgz",
      "integrity": "sha512-D9f7V0JSRwIxlRI2mjMqufDrRDnx8p+eEOz7aUM9SuvF8gsBzra0/6tbjl1m8eQHrZlYj6PxqE00hZ1SAIKPLw=="
    },
    "extend": {
      "version": "3.0.2",
      "resolved": "https://registry.npmjs.org/extend/-/extend-3.0.2.tgz",
      "integrity": "sha512-fjquC59cD7CyW6urNXK0FBufkZcoiGG80wTuPujX590cB5Ttln20E2UB4S/WARVqhXffZl2LNgS+gQdPIIim/g=="
    },
    "fill-range": {
      "version": "7.0.1",
      "resolved": "https://registry.npmjs.org/fill-range/-/fill-range-7.0.1.tgz",
      "integrity": "sha512-qOo9F+dMUmC2Lcb4BbVvnKJxTPjCm+RRpe4gDuGrzkL7mEVl/djYSu2OdQ2Pa302N4oqkSg9ir6jaLWJ2USVpQ==",
      "requires": {
        "to-regex-range": "^5.0.1"
      }
    },
    "fs.realpath": {
      "version": "1.0.0",
      "resolved": "https://registry.npmjs.org/fs.realpath/-/fs.realpath-1.0.0.tgz",
      "integrity": "sha1-FQStJSMVjKpA20onh8sBQRmU6k8="
    },
    "fsevents": {
      "version": "2.1.3",
      "resolved": "https://registry.npmjs.org/fsevents/-/fsevents-2.1.3.tgz",
      "integrity": "sha512-Auw9a4AxqWpa9GUfj370BMPzzyncfBABW8Mab7BGWBYDj4Isgq+cDKtx0i6u9jcX9pQDnswsaaOTgTmA5pEjuQ==",
      "optional": true
    },
    "glob": {
      "version": "7.1.6",
      "resolved": "https://registry.npmjs.org/glob/-/glob-7.1.6.tgz",
      "integrity": "sha512-LwaxwyZ72Lk7vZINtNNrywX0ZuLyStrdDtabefZKAY5ZGJhVtgdznluResxNmPitE0SAO+O26sWTHeKSI2wMBA==",
      "requires": {
        "fs.realpath": "^1.0.0",
        "inflight": "^1.0.4",
        "inherits": "2",
        "minimatch": "^3.0.4",
        "once": "^1.3.0",
        "path-is-absolute": "^1.0.0"
      }
    },
    "glob-parent": {
      "version": "5.1.1",
      "resolved": "https://registry.npmjs.org/glob-parent/-/glob-parent-5.1.1.tgz",
      "integrity": "sha512-FnI+VGOpnlGHWZxthPGR+QhR78fuiK0sNLkHQv+bL9fQi57lNNdquIbna/WrfROrolq8GK5Ek6BiMwqL/voRYQ==",
      "requires": {
        "is-glob": "^4.0.1"
      }
    },
    "has-binary2": {
      "version": "1.0.3",
      "resolved": "https://registry.npmjs.org/has-binary2/-/has-binary2-1.0.3.tgz",
      "integrity": "sha512-G1LWKhDSvhGeAQ8mPVQlqNcOB2sJdwATtZKl2pDKKHfpf/rYj24lkinxf69blJbnsvtqqNU+L3SL50vzZhXOnw==",
      "requires": {
        "isarray": "2.0.1"
      }
    },
    "has-cors": {
      "version": "1.1.0",
      "resolved": "https://registry.npmjs.org/has-cors/-/has-cors-1.1.0.tgz",
      "integrity": "sha1-XkdHk/fqmEPRu5nCPu9J/xJv/zk="
    },
    "html-to-hoquet": {
      "version": "file:src/html-to-hoquet"
    },
    "htmlparser2": {
      "version": "4.1.0",
      "resolved": "https://registry.npmjs.org/htmlparser2/-/htmlparser2-4.1.0.tgz",
      "integrity": "sha512-4zDq1a1zhE4gQso/c5LP1OtrhYTncXNSpvJYtWJBtXAETPlMfi3IFNjGuQbYLuVY4ZR0QMqRVvo4Pdy9KLyP8Q==",
      "requires": {
        "domelementtype": "^2.0.1",
        "domhandler": "^3.0.0",
        "domutils": "^2.0.0",
        "entities": "^2.0.0"
      }
    },
    "indexof": {
      "version": "0.0.1",
      "resolved": "https://registry.npmjs.org/indexof/-/indexof-0.0.1.tgz",
      "integrity": "sha1-gtwzbSMrkGIXnQWrMpOmYFn9Q10="
    },
    "inflight": {
      "version": "1.0.6",
      "resolved": "https://registry.npmjs.org/inflight/-/inflight-1.0.6.tgz",
      "integrity": "sha1-Sb1jMdfQLQwJvJEKEHW6gWW1bfk=",
      "requires": {
        "once": "^1.3.0",
        "wrappy": "1"
      }
    },
    "inherits": {
      "version": "2.0.4",
      "resolved": "https://registry.npmjs.org/inherits/-/inherits-2.0.4.tgz",
      "integrity": "sha512-k/vGaX4/Yla3WzyMCvTQOXYeIHvqOKtnqBduzTHpzpQZzAskKMhZ2K+EnBiSM9zGSoIFeMpXKxa4dYeZIQqewQ=="
    },
    "is-binary-path": {
      "version": "2.1.0",
      "resolved": "https://registry.npmjs.org/is-binary-path/-/is-binary-path-2.1.0.tgz",
      "integrity": "sha512-ZMERYes6pDydyuGidse7OsHxtbI7WVeUEozgR/g7rd0xUimYNlvZRE/K2MgZTjWy725IfelLeVcEM97mmtRGXw==",
      "requires": {
        "binary-extensions": "^2.0.0"
      }
    },
    "is-extglob": {
      "version": "2.1.1",
      "resolved": "https://registry.npmjs.org/is-extglob/-/is-extglob-2.1.1.tgz",
      "integrity": "sha1-qIwCU1eR8C7TfHahueqXc8gz+MI="
    },
    "is-glob": {
      "version": "4.0.1",
      "resolved": "https://registry.npmjs.org/is-glob/-/is-glob-4.0.1.tgz",
      "integrity": "sha512-5G0tKtBTFImOqDnLB2hG6Bp2qcKEFduo4tZu9MT/H6NQv/ghhy30o55ufafxJ/LdH79LLs2Kfrn85TLKyA7BUg==",
      "requires": {
        "is-extglob": "^2.1.1"
      }
    },
    "is-number": {
      "version": "7.0.0",
      "resolved": "https://registry.npmjs.org/is-number/-/is-number-7.0.0.tgz",
      "integrity": "sha512-41Cifkg6e8TylSpdtTpeLVMqvSBEVzTttHvERD741+pnZ8ANv0004MRL43QKPDlK9cGvNp6NZWZUBlbGXYxxng=="
    },
    "isarray": {
      "version": "2.0.1",
      "resolved": "https://registry.npmjs.org/isarray/-/isarray-2.0.1.tgz",
      "integrity": "sha1-o32U7ZzaLVmGXJ92/llu4fM4dB4="
    },
    "linkify-it": {
      "version": "2.2.0",
      "resolved": "https://registry.npmjs.org/linkify-it/-/linkify-it-2.2.0.tgz",
      "integrity": "sha512-GnAl/knGn+i1U/wjBz3akz2stz+HrHLsxMwHQGofCDfPvlf+gDKN58UtfmUquTY4/MXeE2x7k19KQmeoZi94Iw==",
      "requires": {
        "uc.micro": "^1.0.1"
      }
    },
    "markdown-it": {
      "version": "10.0.0",
      "resolved": "https://registry.npmjs.org/markdown-it/-/markdown-it-10.0.0.tgz",
      "integrity": "sha512-YWOP1j7UbDNz+TumYP1kpwnP0aEa711cJjrAQrzd0UXlbJfc5aAq0F/PZHjiioqDC1NKgvIMX+o+9Bk7yuM2dg==",
      "requires": {
        "argparse": "^1.0.7",
        "entities": "~2.0.0",
        "linkify-it": "^2.0.0",
        "mdurl": "^1.0.1",
        "uc.micro": "^1.0.5"
      }
    },
    "markdown-it-regexp": {
      "version": "0.4.0",
      "resolved": "https://registry.npmjs.org/markdown-it-regexp/-/markdown-it-regexp-0.4.0.tgz",
      "integrity": "sha1-1k1xPuzsVc5M/esyF1DswJniwtw="
    },
    "markdown-it-wikilinks": {
      "version": "1.0.1",
      "resolved": "https://registry.npmjs.org/markdown-it-wikilinks/-/markdown-it-wikilinks-1.0.1.tgz",
      "integrity": "sha1-+14MCiF5l7CJuMLcIvXFcuZKrXQ=",
      "requires": {
        "extend": "^3.0.0",
        "markdown-it-regexp": "^0.4.0",
        "sanitize-filename": "^1.6.1"
      }
    },
    "mdurl": {
      "version": "1.0.1",
      "resolved": "https://registry.npmjs.org/mdurl/-/mdurl-1.0.1.tgz",
      "integrity": "sha1-/oWy7HWlkDfyrf7BAP1sYBdhFS4="
    },
    "mime-db": {
      "version": "1.44.0",
      "resolved": "https://registry.npmjs.org/mime-db/-/mime-db-1.44.0.tgz",
      "integrity": "sha512-/NOTfLrsPBVeH7YtFPgsVWveuL+4SjjYxaQ1xtM1KMFj7HdxlBlxeyNLzhyJVx7r4rZGJAZ/6lkKCitSc/Nmpg=="
    },
    "mime-types": {
      "version": "2.1.27",
      "resolved": "https://registry.npmjs.org/mime-types/-/mime-types-2.1.27.tgz",
      "integrity": "sha512-JIhqnCasI9yD+SsmkquHBxTSEuZdQX5BuQnS2Vc7puQQQ+8yiP5AY5uWhpdv4YL4VM5c6iliiYWPgJ/nJQLp7w==",
      "requires": {
        "mime-db": "1.44.0"
      }
    },
    "minimatch": {
      "version": "3.0.4",
      "resolved": "https://registry.npmjs.org/minimatch/-/minimatch-3.0.4.tgz",
      "integrity": "sha512-yJHVQEhyqPLUTgt9B83PXu6W3rx4MvvHvSUvToogpwoGDOUQ+yDrR0HRot+yOCdCO7u4hX3pWft6kWBBcqh0UA==",
      "requires": {
        "brace-expansion": "^1.1.7"
      }
    },
    "ms": {
      "version": "2.1.2",
      "resolved": "https://registry.npmjs.org/ms/-/ms-2.1.2.tgz",
      "integrity": "sha512-sGkPx+VjMtmA6MX27oA4FBFELFCZZ4S4XqeGOXCv68tT+jb3vk/RyaKWP0PTKyWtmLSM0b+adUTEvbs1PEaH2w=="
    },
    "negotiator": {
      "version": "0.6.2",
      "resolved": "https://registry.npmjs.org/negotiator/-/negotiator-0.6.2.tgz",
      "integrity": "sha512-hZXc7K2e+PgeI1eDBe/10Ard4ekbfrrqG8Ep+8Jmf4JID2bNg7NvCPOZN+kfF574pFQI7mum2AUqDidoKqcTOw=="
    },
    "normalize-path": {
      "version": "3.0.0",
      "resolved": "https://registry.npmjs.org/normalize-path/-/normalize-path-3.0.0.tgz",
      "integrity": "sha512-6eZs5Ls3WtCisHWp9S2GUy8dqkpGi4BVSz3GaqiE6ezub0512ESztXUwUB6C6IKbQkY2Pnb/mD4WYojCRwcwLA=="
    },
    "object-component": {
      "version": "0.0.3",
      "resolved": "https://registry.npmjs.org/object-component/-/object-component-0.0.3.tgz",
      "integrity": "sha1-8MaapQ78lbhmwYb0AKM3acsvEpE="
    },
    "once": {
      "version": "1.4.0",
      "resolved": "https://registry.npmjs.org/once/-/once-1.4.0.tgz",
      "integrity": "sha1-WDsap3WWHUsROsF9nFC6753Xa9E=",
      "requires": {
        "wrappy": "1"
      }
    },
    "parseqs": {
      "version": "0.0.5",
      "resolved": "https://registry.npmjs.org/parseqs/-/parseqs-0.0.5.tgz",
      "integrity": "sha1-1SCKNzjkZ2bikbouoXNoSSGouJ0=",
      "requires": {
        "better-assert": "~1.0.0"
      }
    },
    "parseuri": {
      "version": "0.0.5",
      "resolved": "https://registry.npmjs.org/parseuri/-/parseuri-0.0.5.tgz",
      "integrity": "sha1-gCBKUNTbt3m/3G6+J3jZDkvOMgo=",
      "requires": {
        "better-assert": "~1.0.0"
      }
    },
    "path-is-absolute": {
      "version": "1.0.1",
      "resolved": "https://registry.npmjs.org/path-is-absolute/-/path-is-absolute-1.0.1.tgz",
      "integrity": "sha1-F0uSaHNVNP+8es5r9TpanhtcX18="
    },
    "picomatch": {
      "version": "2.2.2",
      "resolved": "https://registry.npmjs.org/picomatch/-/picomatch-2.2.2.tgz",
      "integrity": "sha512-q0M/9eZHzmr0AulXyPwNfZjtwZ/RBZlbN3K3CErVrk50T2ASYI7Bye0EvekFY3IP1Nt2DHu0re+V2ZHIpMkuWg=="
    },
    "readdirp": {
      "version": "3.4.0",
      "resolved": "https://registry.npmjs.org/readdirp/-/readdirp-3.4.0.tgz",
      "integrity": "sha512-0xe001vZBnJEK+uKcj8qOhyAKPzIT+gStxWr3LCB0DwcXR5NZJ3IaC+yGnHCYzB/S7ov3m3EEbZI2zeNvX+hGQ==",
      "requires": {
        "picomatch": "^2.2.1"
      }
    },
    "sanitize-filename": {
      "version": "1.6.3",
      "resolved": "https://registry.npmjs.org/sanitize-filename/-/sanitize-filename-1.6.3.tgz",
      "integrity": "sha512-y/52Mcy7aw3gRm7IrcGDFx/bCk4AhRh2eI9luHOQM86nZsqwiRkkq2GekHXBBD+SmPidc8i2PqtYZl+pWJ8Oeg==",
      "requires": {
        "truncate-utf8-bytes": "^1.0.0"
      }
    },
    "socket.io": {
      "version": "2.3.0",
      "resolved": "https://registry.npmjs.org/socket.io/-/socket.io-2.3.0.tgz",
      "integrity": "sha512-2A892lrj0GcgR/9Qk81EaY2gYhCBxurV0PfmmESO6p27QPrUK1J3zdns+5QPqvUYK2q657nSj0guoIil9+7eFg==",
      "requires": {
        "debug": "~4.1.0",
        "engine.io": "~3.4.0",
        "has-binary2": "~1.0.2",
        "socket.io-adapter": "~1.1.0",
        "socket.io-client": "2.3.0",
        "socket.io-parser": "~3.4.0"
      }
    },
    "socket.io-adapter": {
      "version": "1.1.2",
      "resolved": "https://registry.npmjs.org/socket.io-adapter/-/socket.io-adapter-1.1.2.tgz",
      "integrity": "sha512-WzZRUj1kUjrTIrUKpZLEzFZ1OLj5FwLlAFQs9kuZJzJi5DKdU7FsWc36SNmA8iDOtwBQyT8FkrriRM8vXLYz8g=="
    },
    "socket.io-client": {
      "version": "2.3.0",
      "resolved": "https://registry.npmjs.org/socket.io-client/-/socket.io-client-2.3.0.tgz",
      "integrity": "sha512-cEQQf24gET3rfhxZ2jJ5xzAOo/xhZwK+mOqtGRg5IowZsMgwvHwnf/mCRapAAkadhM26y+iydgwsXGObBB5ZdA==",
      "requires": {
        "backo2": "1.0.2",
        "base64-arraybuffer": "0.1.5",
        "component-bind": "1.0.0",
        "component-emitter": "1.2.1",
        "debug": "~4.1.0",
        "engine.io-client": "~3.4.0",
        "has-binary2": "~1.0.2",
        "has-cors": "1.1.0",
        "indexof": "0.0.1",
        "object-component": "0.0.3",
        "parseqs": "0.0.5",
        "parseuri": "0.0.5",
        "socket.io-parser": "~3.3.0",
        "to-array": "0.1.4"
      },
      "dependencies": {
        "ms": {
          "version": "2.0.0",
          "resolved": "https://registry.npmjs.org/ms/-/ms-2.0.0.tgz",
          "integrity": "sha1-VgiurfwAvmwpAd9fmGF4jeDVl8g="
        },
        "socket.io-parser": {
          "version": "3.3.0",
          "resolved": "https://registry.npmjs.org/socket.io-parser/-/socket.io-parser-3.3.0.tgz",
          "integrity": "sha512-hczmV6bDgdaEbVqhAeVMM/jfUfzuEZHsQg6eOmLgJht6G3mPKMxYm75w2+qhAQZ+4X+1+ATZ+QFKeOZD5riHng==",
          "requires": {
            "component-emitter": "1.2.1",
            "debug": "~3.1.0",
            "isarray": "2.0.1"
          },
          "dependencies": {
            "debug": {
              "version": "3.1.0",
              "resolved": "https://registry.npmjs.org/debug/-/debug-3.1.0.tgz",
              "integrity": "sha512-OX8XqP7/1a9cqkxYw2yXss15f26NKWBpDXQd0/uK/KPqdQhxbPa994hnzjcE2VqQpDslf55723cKPUOGSmMY3g==",
              "requires": {
                "ms": "2.0.0"
              }
            }
          }
        }
      }
    },
    "socket.io-parser": {
      "version": "3.4.0",
      "resolved": "https://registry.npmjs.org/socket.io-parser/-/socket.io-parser-3.4.0.tgz",
      "integrity": "sha512-/G/VOI+3DBp0+DJKW4KesGnQkQPFmUCbA/oO2QGT6CWxU7hLGWqU3tyuzeSK/dqcyeHsQg1vTe9jiZI8GU9SCQ==",
      "requires": {
        "component-emitter": "1.2.1",
        "debug": "~4.1.0",
        "isarray": "2.0.1"
      }
    },
    "sprintf-js": {
      "version": "1.0.3",
      "resolved": "https://registry.npmjs.org/sprintf-js/-/sprintf-js-1.0.3.tgz",
      "integrity": "sha1-BOaSb2YolTVPPdAVIDYzuFcpfiw="
    },
    "tachyons": {
      "version": "4.12.0",
      "resolved": "https://registry.npmjs.org/tachyons/-/tachyons-4.12.0.tgz",
      "integrity": "sha512-2nA2IrYFy3raCM9fxJ2KODRGHVSZNTW3BR0YnlGsLUf1DA3pk3YfWZ/DdfbnZK6zLZS+jUenlUGJsKcA5fUiZg=="
    },
    "to-array": {
      "version": "0.1.4",
      "resolved": "https://registry.npmjs.org/to-array/-/to-array-0.1.4.tgz",
      "integrity": "sha1-F+bBH3PdTz10zaek/zI46a2b+JA="
    },
    "to-regex-range": {
      "version": "5.0.1",
      "resolved": "https://registry.npmjs.org/to-regex-range/-/to-regex-range-5.0.1.tgz",
      "integrity": "sha512-65P7iz6X5yEr1cwcgvQxbbIw7Uk3gOy5dIdtZ4rDveLqhrdJP+Li/Hx6tyK0NEb+2GCyneCMJiGqrADCSNk8sQ==",
      "requires": {
        "is-number": "^7.0.0"
      }
    },
    "truncate-utf8-bytes": {
      "version": "1.0.2",
      "resolved": "https://registry.npmjs.org/truncate-utf8-bytes/-/truncate-utf8-bytes-1.0.2.tgz",
      "integrity": "sha1-QFkjkJWS1W94pYGENLC3hInKXys=",
      "requires": {
        "utf8-byte-length": "^1.0.1"
      }
    },
    "tslib": {
      "version": "1.11.1",
      "resolved": "https://registry.npmjs.org/tslib/-/tslib-1.11.1.tgz",
      "integrity": "sha512-aZW88SY8kQbU7gpV19lN24LtXh/yD4ZZg6qieAJDDg+YBsJcSmLGK9QpnUjAKVG/xefmvJGd1WUmfpT/g6AJGA=="
    },
    "uc.micro": {
      "version": "1.0.6",
      "resolved": "https://registry.npmjs.org/uc.micro/-/uc.micro-1.0.6.tgz",
      "integrity": "sha512-8Y75pvTYkLJW2hWQHXxoqRgV7qb9B+9vFEtidML+7koHUFapnVJAZ6cKs+Qjz5Aw3aZWHMC6u0wJE3At+nSGwA=="
    },
    "utf8-byte-length": {
      "version": "1.0.4",
      "resolved": "https://registry.npmjs.org/utf8-byte-length/-/utf8-byte-length-1.0.4.tgz",
      "integrity": "sha1-9F8VDExm7uloGGUFq5P8u4rWv2E="
    },
    "wrappy": {
      "version": "1.0.2",
      "resolved": "https://registry.npmjs.org/wrappy/-/wrappy-1.0.2.tgz",
      "integrity": "sha1-tSQ9jz7BqjXxNkYFvA0QNuMKtp8="
    },
    "ws": {
      "version": "7.2.5",
      "resolved": "https://registry.npmjs.org/ws/-/ws-7.2.5.tgz",
      "integrity": "sha512-C34cIU4+DB2vMyAbmEKossWq2ZQDr6QEyuuCzWrM9zfw1sGc0mYiJ0UnG9zzNykt49C2Fi34hvr2vssFQRS6EA=="
    },
    "xmlhttprequest-ssl": {
      "version": "1.5.5",
      "resolved": "https://registry.npmjs.org/xmlhttprequest-ssl/-/xmlhttprequest-ssl-1.5.5.tgz",
      "integrity": "sha1-wodrBhaKrcQOV9l+gRkayPQ5iz4="
    },
    "yeast": {
      "version": "0.1.2",
      "resolved": "https://registry.npmjs.org/yeast/-/yeast-0.1.2.tgz",
      "integrity": "sha1-AI4G2AlDIMNy28L47XagymyKxBk="
    }
  }
}
